
Microsoft Visual Studio Solution File, Format Version 12.00
# Visual Studio 15
VisualStudioVersion = 15.0.28307.329
MinimumVisualStudioVersion = 10.0.40219.1
Project("{FAE04EC0-301F-11D3-BF4B-00C04F79EFBC}") = "Empleado.WebAPI", "Empleado.WebAPI\Empleado.WebAPI.csproj", "{C27CB65A-290E-4EA8-9367-41690496A75D}"
EndProject
Global
	GlobalSection(SolutionConfigurationPlatforms) = preSolution
		Debug|Any CPU = Debug|Any CPU
		Release|Any CPU = Release|Any CPU
	EndGlobalSection
	GlobalSection(ProjectConfigurationPlatforms) = postSolution
		{C27CB65A-290E-4EA8-9367-41690496A75D}.Debug|Any CPU.ActiveCfg = Debug|Any CPU
		{C27CB65A-290E-4EA8-9367-41690496A75D}.Debug|Any CPU.Build.0 = Debug|Any CPU
		{C27CB65A-290E-4EA8-9367-41690496A75D}.Release|Any CPU.ActiveCfg = Release|Any CPU
		{C27CB65A-290E-4EA8-9367-41690496A75D}.Release|Any CPU.Build.0 = Release|Any CPU
	EndGlobalSection
	GlobalSection(SolutionProperties) = preSolution
		HideSolutionNode = FALSE
	EndGlobalSection
	GlobalSection(ExtensibilityGlobals) = postSolution
		SolutionGuid = {3EAA8BE3-EF04-4475-8776-D0F1AEFECC6B}
	EndGlobalSection
EndGlobal
